
Microsoft Visual Studio Solution File, Format Version 12.00
# Visual Studio Version 16
VisualStudioVersion = 16.0.29926.136
MinimumVisualStudioVersion = 10.0.40219.1
Project("{FAE04EC0-301F-11D3-BF4B-00C04F79EFBC}") = "DuplicateCleaner", "DuplicateCleaner.csproj", "{0672EA23-8731-4ED1-BB31-7B308B5FC0A4}"
EndProject
Project("{FAE04EC0-301F-11D3-BF4B-00C04F79EFBC}") = "FileEnumertaorClient", "..\FileEnumertaorClient\FileEnumertaorClient.csproj", "{95EDB049-8985-4123-876D-790320381F1D}"
EndProject
Project("{C7167F0D-BC9F-4E6E-AFE1-012C56B48DB5}") = "DuplicateCleaner.UWP", "..\DuplicateCleaner.UWP\DuplicateCleaner.UWP.wapproj", "{764DC758-0106-4EE5-9C5E-2846C9812F79}"
EndProject
Project("{FAE04EC0-301F-11D3-BF4B-00C04F79EFBC}") = "App1", "..\App1\App1.csproj", "{AE0C71FE-252F-4815-829B-13DACCFB3D71}"
EndProject
Project("{FAE04EC0-301F-11D3-BF4B-00C04F79EFBC}") = "UWP2", "..\UWP2\UWP2.csproj", "{63D917BC-B788-46B9-BD48-7C0D2CCC1C40}"
EndProject
Project("{FAE04EC0-301F-11D3-BF4B-00C04F79EFBC}") = "UWP3", "..\UWP3\UWP3.csproj", "{B16DB025-DB24-4FC0-B1B2-C0C18298964D}"
EndProject
Project("{FAE04EC0-301F-11D3-BF4B-00C04F79EFBC}") = "WpfTest", "..\WpfTest\WpfTest.csproj", "{BFD1B131-26AC-44FE-B43E-C487D9B107D2}"
EndProject
Project("{C7167F0D-BC9F-4E6E-AFE1-012C56B48DB5}") = "DuplicateRemover.UWP", "..\DuplicateRemover.UWP\DuplicateRemover.UWP.wapproj", "{3835EDDC-1BA0-4008-8ED6-825943EA6C6C}"
EndProject
Global
	GlobalSection(SolutionConfigurationPlatforms) = preSolution
		Debug|Any CPU = Debug|Any CPU
		Debug|ARM = Debug|ARM
		Debug|ARM64 = Debug|ARM64
		Debug|x64 = Debug|x64
		Debug|x86 = Debug|x86
		Release|Any CPU = Release|Any CPU
		Release|ARM = Release|ARM
		Release|ARM64 = Release|ARM64
		Release|x64 = Release|x64
		Release|x86 = Release|x86
	EndGlobalSection
	GlobalSection(ProjectConfigurationPlatforms) = postSolution
		{0672EA23-8731-4ED1-BB31-7B308B5FC0A4}.Debug|Any CPU.ActiveCfg = Debug|Any CPU
		{0672EA23-8731-4ED1-BB31-7B308B5FC0A4}.Debug|Any CPU.Build.0 = Debug|Any CPU
		{0672EA23-8731-4ED1-BB31-7B308B5FC0A4}.Debug|ARM.ActiveCfg = Debug|Any CPU
		{0672EA23-8731-4ED1-BB31-7B308B5FC0A4}.Debug|ARM.Build.0 = Debug|Any CPU
		{0672EA23-8731-4ED1-BB31-7B308B5FC0A4}.Debug|ARM64.ActiveCfg = Debug|Any CPU
		{0672EA23-8731-4ED1-BB31-7B308B5FC0A4}.Debug|ARM64.Build.0 = Debug|Any CPU
		{0672EA23-8731-4ED1-BB31-7B308B5FC0A4}.Debug|x64.ActiveCfg = Debug|Any CPU
		{0672EA23-8731-4ED1-BB31-7B308B5FC0A4}.Debug|x64.Build.0 = Debug|Any CPU
		{0672EA23-8731-4ED1-BB31-7B308B5FC0A4}.Debug|x86.ActiveCfg = Debug|Any CPU
		{0672EA23-8731-4ED1-BB31-7B308B5FC0A4}.Debug|x86.Build.0 = Debug|Any CPU
		{0672EA23-8731-4ED1-BB31-7B308B5FC0A4}.Release|Any CPU.ActiveCfg = Release|Any CPU
		{0672EA23-8731-4ED1-BB31-7B308B5FC0A4}.Release|Any CPU.Build.0 = Release|Any CPU
		{0672EA23-8731-4ED1-BB31-7B308B5FC0A4}.Release|ARM.ActiveCfg = Release|Any CPU
		{0672EA23-8731-4ED1-BB31-7B308B5FC0A4}.Release|ARM.Build.0 = Release|Any CPU
		{0672EA23-8731-4ED1-BB31-7B308B5FC0A4}.Release|ARM64.ActiveCfg = Release|Any CPU
		{0672EA23-8731-4ED1-BB31-7B308B5FC0A4}.Release|ARM64.Build.0 = Release|Any CPU
		{0672EA23-8731-4ED1-BB31-7B308B5FC0A4}.Release|x64.ActiveCfg = Release|Any CPU
		{0672EA23-8731-4ED1-BB31-7B308B5FC0A4}.Release|x64.Build.0 = Release|Any CPU
		{0672EA23-8731-4ED1-BB31-7B308B5FC0A4}.Release|x86.ActiveCfg = Release|Any CPU
		{0672EA23-8731-4ED1-BB31-7B308B5FC0A4}.Release|x86.Build.0 = Release|Any CPU
		{95EDB049-8985-4123-876D-790320381F1D}.Debug|Any CPU.ActiveCfg = Debug|Any CPU
		{95EDB049-8985-4123-876D-790320381F1D}.Debug|Any CPU.Build.0 = Debug|Any CPU
		{95EDB049-8985-4123-876D-790320381F1D}.Debug|ARM.ActiveCfg = Debug|Any CPU
		{95EDB049-8985-4123-876D-790320381F1D}.Debug|ARM.Build.0 = Debug|Any CPU
		{95EDB049-8985-4123-876D-790320381F1D}.Debug|ARM64.ActiveCfg = Debug|Any CPU
		{95EDB049-8985-4123-876D-790320381F1D}.Debug|ARM64.Build.0 = Debug|Any CPU
		{95EDB049-8985-4123-876D-790320381F1D}.Debug|x64.ActiveCfg = Debug|Any CPU
		{95EDB049-8985-4123-876D-790320381F1D}.Debug|x64.Build.0 = Debug|Any CPU
		{95EDB049-8985-4123-876D-790320381F1D}.Debug|x86.ActiveCfg = Debug|Any CPU
		{95EDB049-8985-4123-876D-790320381F1D}.Debug|x86.Build.0 = Debug|Any CPU
		{95EDB049-8985-4123-876D-790320381F1D}.Release|Any CPU.ActiveCfg = Release|Any CPU
		{95EDB049-8985-4123-876D-790320381F1D}.Release|Any CPU.Build.0 = Release|Any CPU
		{95EDB049-8985-4123-876D-790320381F1D}.Release|ARM.ActiveCfg = Release|Any CPU
		{95EDB049-8985-4123-876D-790320381F1D}.Release|ARM.Build.0 = Release|Any CPU
		{95EDB049-8985-4123-876D-790320381F1D}.Release|ARM64.ActiveCfg = Release|Any CPU
		{95EDB049-8985-4123-876D-790320381F1D}.Release|ARM64.Build.0 = Release|Any CPU
		{95EDB049-8985-4123-876D-790320381F1D}.Release|x64.ActiveCfg = Release|Any CPU
		{95EDB049-8985-4123-876D-790320381F1D}.Release|x64.Build.0 = Release|Any CPU
		{95EDB049-8985-4123-876D-790320381F1D}.Release|x86.ActiveCfg = Release|Any CPU
		{95EDB049-8985-4123-876D-790320381F1D}.Release|x86.Build.0 = Release|Any CPU
		{764DC758-0106-4EE5-9C5E-2846C9812F79}.Debug|Any CPU.ActiveCfg = Debug|Any CPU
		{764DC758-0106-4EE5-9C5E-2846C9812F79}.Debug|Any CPU.Build.0 = Debug|Any CPU
		{764DC758-0106-4EE5-9C5E-2846C9812F79}.Debug|Any CPU.Deploy.0 = Debug|Any CPU
		{764DC758-0106-4EE5-9C5E-2846C9812F79}.Debug|ARM.ActiveCfg = Debug|ARM
		{764DC758-0106-4EE5-9C5E-2846C9812F79}.Debug|ARM.Build.0 = Debug|ARM
		{764DC758-0106-4EE5-9C5E-2846C9812F79}.Debug|ARM.Deploy.0 = Debug|ARM
		{764DC758-0106-4EE5-9C5E-2846C9812F79}.Debug|ARM64.ActiveCfg = Debug|ARM64
		{764DC758-0106-4EE5-9C5E-2846C9812F79}.Debug|ARM64.Build.0 = Debug|ARM64
		{764DC758-0106-4EE5-9C5E-2846C9812F79}.Debug|ARM64.Deploy.0 = Debug|ARM64
		{764DC758-0106-4EE5-9C5E-2846C9812F79}.Debug|x64.ActiveCfg = Debug|x64
		{764DC758-0106-4EE5-9C5E-2846C9812F79}.Debug|x64.Build.0 = Debug|x64
		{764DC758-0106-4EE5-9C5E-2846C9812F79}.Debug|x64.Deploy.0 = Debug|x64
		{764DC758-0106-4EE5-9C5E-2846C9812F79}.Debug|x86.ActiveCfg = Debug|x86
		{764DC758-0106-4EE5-9C5E-2846C9812F79}.Debug|x86.Build.0 = Debug|x86
		{764DC758-0106-4EE5-9C5E-2846C9812F79}.Debug|x86.Deploy.0 = Debug|x86
		{764DC758-0106-4EE5-9C5E-2846C9812F79}.Release|Any CPU.ActiveCfg = Release|Any CPU
		{764DC758-0106-4EE5-9C5E-2846C9812F79}.Release|Any CPU.Build.0 = Release|Any CPU
		{764DC758-0106-4EE5-9C5E-2846C9812F79}.Release|Any CPU.Deploy.0 = Release|Any CPU
		{764DC758-0106-4EE5-9C5E-2846C9812F79}.Release|ARM.ActiveCfg = Release|ARM
		{764DC758-0106-4EE5-9C5E-2846C9812F79}.Release|ARM.Build.0 = Release|ARM
		{764DC758-0106-4EE5-9C5E-2846C9812F79}.Release|ARM.Deploy.0 = Release|ARM
		{764DC758-0106-4EE5-9C5E-2846C9812F79}.Release|ARM64.ActiveCfg = Release|ARM64
		{764DC758-0106-4EE5-9C5E-2846C9812F79}.Release|ARM64.Build.0 = Release|ARM64
		{764DC758-0106-4EE5-9C5E-2846C9812F79}.Release|ARM64.Deploy.0 = Release|ARM64
		{764DC758-0106-4EE5-9C5E-2846C9812F79}.Release|x64.ActiveCfg = Release|x64
		{764DC758-0106-4EE5-9C5E-2846C9812F79}.Release|x64.Build.0 = Release|x64
		{764DC758-0106-4EE5-9C5E-2846C9812F79}.Release|x64.Deploy.0 = Release|x64
		{764DC758-0106-4EE5-9C5E-2846C9812F79}.Release|x86.ActiveCfg = Release|x86
		{764DC758-0106-4EE5-9C5E-2846C9812F79}.Release|x86.Build.0 = Release|x86
		{764DC758-0106-4EE5-9C5E-2846C9812F79}.Release|x86.Deploy.0 = Release|x86
		{AE0C71FE-252F-4815-829B-13DACCFB3D71}.Debug|Any CPU.ActiveCfg = Debug|x64
		{AE0C71FE-252F-4815-829B-13DACCFB3D71}.Debug|Any CPU.Build.0 = Debug|x64
		{AE0C71FE-252F-4815-829B-13DACCFB3D71}.Debug|Any CPU.Deploy.0 = Debug|x64
		{AE0C71FE-252F-4815-829B-13DACCFB3D71}.Debug|ARM.ActiveCfg = Debug|ARM
		{AE0C71FE-252F-4815-829B-13DACCFB3D71}.Debug|ARM.Build.0 = Debug|ARM
		{AE0C71FE-252F-4815-829B-13DACCFB3D71}.Debug|ARM.Deploy.0 = Debug|ARM
		{AE0C71FE-252F-4815-829B-13DACCFB3D71}.Debug|ARM64.ActiveCfg = Debug|ARM64
		{AE0C71FE-252F-4815-829B-13DACCFB3D71}.Debug|ARM64.Build.0 = Debug|ARM64
		{AE0C71FE-252F-4815-829B-13DACCFB3D71}.Debug|ARM64.Deploy.0 = Debug|ARM64
		{AE0C71FE-252F-4815-829B-13DACCFB3D71}.Debug|x64.ActiveCfg = Debug|x64
		{AE0C71FE-252F-4815-829B-13DACCFB3D71}.Debug|x64.Build.0 = Debug|x64
		{AE0C71FE-252F-4815-829B-13DACCFB3D71}.Debug|x64.Deploy.0 = Debug|x64
		{AE0C71FE-252F-4815-829B-13DACCFB3D71}.Debug|x86.ActiveCfg = Debug|x86
		{AE0C71FE-252F-4815-829B-13DACCFB3D71}.Debug|x86.Build.0 = Debug|x86
		{AE0C71FE-252F-4815-829B-13DACCFB3D71}.Debug|x86.Deploy.0 = Debug|x86
		{AE0C71FE-252F-4815-829B-13DACCFB3D71}.Release|Any CPU.ActiveCfg = Release|x86
		{AE0C71FE-252F-4815-829B-13DACCFB3D71}.Release|ARM.ActiveCfg = Release|ARM
		{AE0C71FE-252F-4815-829B-13DACCFB3D71}.Release|ARM.Build.0 = Release|ARM
		{AE0C71FE-252F-4815-829B-13DACCFB3D71}.Release|ARM.Deploy.0 = Release|ARM
		{AE0C71FE-252F-4815-829B-13DACCFB3D71}.Release|ARM64.ActiveCfg = Release|ARM64
		{AE0C71FE-252F-4815-829B-13DACCFB3D71}.Release|ARM64.Build.0 = Release|ARM64
		{AE0C71FE-252F-4815-829B-13DACCFB3D71}.Release|ARM64.Deploy.0 = Release|ARM64
		{AE0C71FE-252F-4815-829B-13DACCFB3D71}.Release|x64.ActiveCfg = Release|x64
		{AE0C71FE-252F-4815-829B-13DACCFB3D71}.Release|x64.Build.0 = Release|x64
		{AE0C71FE-252F-4815-829B-13DACCFB3D71}.Release|x64.Deploy.0 = Release|x64
		{AE0C71FE-252F-4815-829B-13DACCFB3D71}.Release|x86.ActiveCfg = Release|x86
		{AE0C71FE-252F-4815-829B-13DACCFB3D71}.Release|x86.Build.0 = Release|x86
		{AE0C71FE-252F-4815-829B-13DACCFB3D71}.Release|x86.Deploy.0 = Release|x86
		{63D917BC-B788-46B9-BD48-7C0D2CCC1C40}.Debug|Any CPU.ActiveCfg = Debug|x86
		{63D917BC-B788-46B9-BD48-7C0D2CCC1C40}.Debug|ARM.ActiveCfg = Debug|ARM
		{63D917BC-B788-46B9-BD48-7C0D2CCC1C40}.Debug|ARM.Build.0 = Debug|ARM
		{63D917BC-B788-46B9-BD48-7C0D2CCC1C40}.Debug|ARM.Deploy.0 = Debug|ARM
		{63D917BC-B788-46B9-BD48-7C0D2CCC1C40}.Debug|ARM64.ActiveCfg = Debug|ARM64
		{63D917BC-B788-46B9-BD48-7C0D2CCC1C40}.Debug|ARM64.Build.0 = Debug|ARM64
		{63D917BC-B788-46B9-BD48-7C0D2CCC1C40}.Debug|ARM64.Deploy.0 = Debug|ARM64
		{63D917BC-B788-46B9-BD48-7C0D2CCC1C40}.Debug|x64.ActiveCfg = Debug|x64
		{63D917BC-B788-46B9-BD48-7C0D2CCC1C40}.Debug|x64.Build.0 = Debug|x64
		{63D917BC-B788-46B9-BD48-7C0D2CCC1C40}.Debug|x64.Deploy.0 = Debug|x64
		{63D917BC-B788-46B9-BD48-7C0D2CCC1C40}.Debug|x86.ActiveCfg = Debug|x86
		{63D917BC-B788-46B9-BD48-7C0D2CCC1C40}.Debug|x86.Build.0 = Debug|x86
		{63D917BC-B788-46B9-BD48-7C0D2CCC1C40}.Debug|x86.Deploy.0 = Debug|x86
		{63D917BC-B788-46B9-BD48-7C0D2CCC1C40}.Release|Any CPU.ActiveCfg = Release|x86
		{63D917BC-B788-46B9-BD48-7C0D2CCC1C40}.Release|ARM.ActiveCfg = Release|ARM
		{63D917BC-B788-46B9-BD48-7C0D2CCC1C40}.Release|ARM.Build.0 = Release|ARM
		{63D917BC-B788-46B9-BD48-7C0D2CCC1C40}.Release|ARM.Deploy.0 = Release|ARM
		{63D917BC-B788-46B9-BD48-7C0D2CCC1C40}.Release|ARM64.ActiveCfg = Release|ARM64
		{63D917BC-B788-46B9-BD48-7C0D2CCC1C40}.Release|ARM64.Build.0 = Release|ARM64
		{63D917BC-B788-46B9-BD48-7C0D2CCC1C40}.Release|ARM64.Deploy.0 = Release|ARM64
		{63D917BC-B788-46B9-BD48-7C0D2CCC1C40}.Release|x64.ActiveCfg = Release|x64
		{63D917BC-B788-46B9-BD48-7C0D2CCC1C40}.Release|x64.Build.0 = Release|x64
		{63D917BC-B788-46B9-BD48-7C0D2CCC1C40}.Release|x64.Deploy.0 = Release|x64
		{63D917BC-B788-46B9-BD48-7C0D2CCC1C40}.Release|x86.ActiveCfg = Release|x86
		{63D917BC-B788-46B9-BD48-7C0D2CCC1C40}.Release|x86.Build.0 = Release|x86
		{63D917BC-B788-46B9-BD48-7C0D2CCC1C40}.Release|x86.Deploy.0 = Release|x86
		{B16DB025-DB24-4FC0-B1B2-C0C18298964D}.Debug|Any CPU.ActiveCfg = Debug|x86
		{B16DB025-DB24-4FC0-B1B2-C0C18298964D}.Debug|ARM.ActiveCfg = Debug|ARM
		{B16DB025-DB24-4FC0-B1B2-C0C18298964D}.Debug|ARM.Build.0 = Debug|ARM
		{B16DB025-DB24-4FC0-B1B2-C0C18298964D}.Debug|ARM.Deploy.0 = Debug|ARM
		{B16DB025-DB24-4FC0-B1B2-C0C18298964D}.Debug|ARM64.ActiveCfg = Debug|ARM64
		{B16DB025-DB24-4FC0-B1B2-C0C18298964D}.Debug|ARM64.Build.0 = Debug|ARM64
		{B16DB025-DB24-4FC0-B1B2-C0C18298964D}.Debug|ARM64.Deploy.0 = Debug|ARM64
		{B16DB025-DB24-4FC0-B1B2-C0C18298964D}.Debug|x64.ActiveCfg = Debug|x64
		{B16DB025-DB24-4FC0-B1B2-C0C18298964D}.Debug|x64.Build.0 = Debug|x64
		{B16DB025-DB24-4FC0-B1B2-C0C18298964D}.Debug|x64.Deploy.0 = Debug|x64
		{B16DB025-DB24-4FC0-B1B2-C0C18298964D}.Debug|x86.ActiveCfg = Debug|x86
		{B16DB025-DB24-4FC0-B1B2-C0C18298964D}.Debug|x86.Build.0 = Debug|x86
		{B16DB025-DB24-4FC0-B1B2-C0C18298964D}.Debug|x86.Deploy.0 = Debug|x86
		{B16DB025-DB24-4FC0-B1B2-C0C18298964D}.Release|Any CPU.ActiveCfg = Release|x86
		{B16DB025-DB24-4FC0-B1B2-C0C18298964D}.Release|ARM.ActiveCfg = Release|ARM
		{B16DB025-DB24-4FC0-B1B2-C0C18298964D}.Release|ARM.Build.0 = Release|ARM
		{B16DB025-DB24-4FC0-B1B2-C0C18298964D}.Release|ARM.Deploy.0 = Release|ARM
		{B16DB025-DB24-4FC0-B1B2-C0C18298964D}.Release|ARM64.ActiveCfg = Release|ARM64
		{B16DB025-DB24-4FC0-B1B2-C0C18298964D}.Release|ARM64.Build.0 = Release|ARM64
		{B16DB025-DB24-4FC0-B1B2-C0C18298964D}.Release|ARM64.Deploy.0 = Release|ARM64
		{B16DB025-DB24-4FC0-B1B2-C0C18298964D}.Release|x64.ActiveCfg = Release|x64
		{B16DB025-DB24-4FC0-B1B2-C0C18298964D}.Release|x64.Build.0 = Release|x64
		{B16DB025-DB24-4FC0-B1B2-C0C18298964D}.Release|x64.Deploy.0 = Release|x64
		{B16DB025-DB24-4FC0-B1B2-C0C18298964D}.Release|x86.ActiveCfg = Release|x86
		{B16DB025-DB24-4FC0-B1B2-C0C18298964D}.Release|x86.Build.0 = Release|x86
		{B16DB025-DB24-4FC0-B1B2-C0C18298964D}.Release|x86.Deploy.0 = Release|x86
		{BFD1B131-26AC-44FE-B43E-C487D9B107D2}.Debug|Any CPU.ActiveCfg = Debug|Any CPU
		{BFD1B131-26AC-44FE-B43E-C487D9B107D2}.Debug|Any CPU.Build.0 = Debug|Any CPU
		{BFD1B131-26AC-44FE-B43E-C487D9B107D2}.Debug|ARM.ActiveCfg = Debug|Any CPU
		{BFD1B131-26AC-44FE-B43E-C487D9B107D2}.Debug|ARM.Build.0 = Debug|Any CPU
		{BFD1B131-26AC-44FE-B43E-C487D9B107D2}.Debug|ARM64.ActiveCfg = Debug|Any CPU
		{BFD1B131-26AC-44FE-B43E-C487D9B107D2}.Debug|ARM64.Build.0 = Debug|Any CPU
		{BFD1B131-26AC-44FE-B43E-C487D9B107D2}.Debug|x64.ActiveCfg = Debug|Any CPU
		{BFD1B131-26AC-44FE-B43E-C487D9B107D2}.Debug|x64.Build.0 = Debug|Any CPU
		{BFD1B131-26AC-44FE-B43E-C487D9B107D2}.Debug|x86.ActiveCfg = Debug|Any CPU
		{BFD1B131-26AC-44FE-B43E-C487D9B107D2}.Debug|x86.Build.0 = Debug|Any CPU
		{BFD1B131-26AC-44FE-B43E-C487D9B107D2}.Release|Any CPU.ActiveCfg = Release|Any CPU
		{BFD1B131-26AC-44FE-B43E-C487D9B107D2}.Release|Any CPU.Build.0 = Release|Any CPU
		{BFD1B131-26AC-44FE-B43E-C487D9B107D2}.Release|ARM.ActiveCfg = Release|Any CPU
		{BFD1B131-26AC-44FE-B43E-C487D9B107D2}.Release|ARM.Build.0 = Release|Any CPU
		{BFD1B131-26AC-44FE-B43E-C487D9B107D2}.Release|ARM64.ActiveCfg = Release|Any CPU
		{BFD1B131-26AC-44FE-B43E-C487D9B107D2}.Release|ARM64.Build.0 = Release|Any CPU
		{BFD1B131-26AC-44FE-B43E-C487D9B107D2}.Release|x64.ActiveCfg = Release|Any CPU
		{BFD1B131-26AC-44FE-B43E-C487D9B107D2}.Release|x64.Build.0 = Release|Any CPU
		{BFD1B131-26AC-44FE-B43E-C487D9B107D2}.Release|x86.ActiveCfg = Release|Any CPU
		{BFD1B131-26AC-44FE-B43E-C487D9B107D2}.Release|x86.Build.0 = Release|Any CPU
		{3835EDDC-1BA0-4008-8ED6-825943EA6C6C}.Debug|Any CPU.ActiveCfg = Debug|Any CPU
		{3835EDDC-1BA0-4008-8ED6-825943EA6C6C}.Debug|Any CPU.Build.0 = Debug|Any CPU
		{3835EDDC-1BA0-4008-8ED6-825943EA6C6C}.Debug|Any CPU.Deploy.0 = Debug|Any CPU
		{3835EDDC-1BA0-4008-8ED6-825943EA6C6C}.Debug|ARM.ActiveCfg = Debug|ARM
		{3835EDDC-1BA0-4008-8ED6-825943EA6C6C}.Debug|ARM.Build.0 = Debug|ARM
		{3835EDDC-1BA0-4008-8ED6-825943EA6C6C}.Debug|ARM.Deploy.0 = Debug|ARM
		{3835EDDC-1BA0-4008-8ED6-825943EA6C6C}.Debug|ARM64.ActiveCfg = Debug|ARM64
		{3835EDDC-1BA0-4008-8ED6-825943EA6C6C}.Debug|ARM64.Build.0 = Debug|ARM64
		{3835EDDC-1BA0-4008-8ED6-825943EA6C6C}.Debug|ARM64.Deploy.0 = Debug|ARM64
		{3835EDDC-1BA0-4008-8ED6-825943EA6C6C}.Debug|x64.ActiveCfg = Debug|x64
		{3835EDDC-1BA0-4008-8ED6-825943EA6C6C}.Debug|x64.Build.0 = Debug|x64
		{3835EDDC-1BA0-4008-8ED6-825943EA6C6C}.Debug|x64.Deploy.0 = Debug|x64
		{3835EDDC-1BA0-4008-8ED6-825943EA6C6C}.Debug|x86.ActiveCfg = Debug|x86
		{3835EDDC-1BA0-4008-8ED6-825943EA6C6C}.Debug|x86.Build.0 = Debug|x86
		{3835EDDC-1BA0-4008-8ED6-825943EA6C6C}.Debug|x86.Deploy.0 = Debug|x86
		{3835EDDC-1BA0-4008-8ED6-825943EA6C6C}.Release|Any CPU.ActiveCfg = Release|Any CPU
		{3835EDDC-1BA0-4008-8ED6-825943EA6C6C}.Release|Any CPU.Build.0 = Release|Any CPU
		{3835EDDC-1BA0-4008-8ED6-825943EA6C6C}.Release|Any CPU.Deploy.0 = Release|Any CPU
		{3835EDDC-1BA0-4008-8ED6-825943EA6C6C}.Release|ARM.ActiveCfg = Release|ARM
		{3835EDDC-1BA0-4008-8ED6-825943EA6C6C}.Release|ARM.Build.0 = Release|ARM
		{3835EDDC-1BA0-4008-8ED6-825943EA6C6C}.Release|ARM.Deploy.0 = Release|ARM
		{3835EDDC-1BA0-4008-8ED6-825943EA6C6C}.Release|ARM64.ActiveCfg = Release|ARM64
		{3835EDDC-1BA0-4008-8ED6-825943EA6C6C}.Release|ARM64.Build.0 = Release|ARM64
		{3835EDDC-1BA0-4008-8ED6-825943EA6C6C}.Release|ARM64.Deploy.0 = Release|ARM64
		{3835EDDC-1BA0-4008-8ED6-825943EA6C6C}.Release|x64.ActiveCfg = Release|x64
		{3835EDDC-1BA0-4008-8ED6-825943EA6C6C}.Release|x64.Build.0 = Release|x64
		{3835EDDC-1BA0-4008-8ED6-825943EA6C6C}.Release|x64.Deploy.0 = Release|x64
		{3835EDDC-1BA0-4008-8ED6-825943EA6C6C}.Release|x86.ActiveCfg = Release|x86
		{3835EDDC-1BA0-4008-8ED6-825943EA6C6C}.Release|x86.Build.0 = Release|x86
		{3835EDDC-1BA0-4008-8ED6-825943EA6C6C}.Release|x86.Deploy.0 = Release|x86
	EndGlobalSection
	GlobalSection(SolutionProperties) = preSolution
		HideSolutionNode = FALSE
	EndGlobalSection
	GlobalSection(ExtensibilityGlobals) = postSolution
		SolutionGuid = {A982EACF-231C-4AD3-B55D-1234858C048B}
	EndGlobalSection
EndGlobal
