
Microsoft Visual Studio Solution File, Format Version 12.00
# Visual Studio Version 16
VisualStudioVersion = 16.0.29926.136
MinimumVisualStudioVersion = 10.0.40219.1
Project("{FAE04EC0-301F-11D3-BF4B-00C04F79EFBC}") = "DuplicateCleaner", "DuplicateCleaner\DuplicateCleaner.csproj", "{0672EA23-8731-4ED1-BB31-7B308B5FC0A4}"
EndProject
Project("{C7167F0D-BC9F-4E6E-AFE1-012C56B48DB5}") = "DuplicateCleaner.UWP", "DuplicateCleaner.Package\DuplicateCleaner.Package.wapproj", "{9BA2F364-E147-4E0B-B64D-1DFF2A5992CA}"
EndProject
Global
	GlobalSection(SolutionConfigurationPlatforms) = preSolution
		Debug|Any CPU = Debug|Any CPU
		Debug|ARM = Debug|ARM
		Debug|ARM64 = Debug|ARM64
		Debug|x64 = Debug|x64
		Debug|x86 = Debug|x86
		Release|Any CPU = Release|Any CPU
		Release|ARM = Release|ARM
		Release|ARM64 = Release|ARM64
		Release|x64 = Release|x64
		Release|x86 = Release|x86
	EndGlobalSection
	GlobalSection(ProjectConfigurationPlatforms) = postSolution
		{0672EA23-8731-4ED1-BB31-7B308B5FC0A4}.Debug|Any CPU.ActiveCfg = Debug|Any CPU
		{0672EA23-8731-4ED1-BB31-7B308B5FC0A4}.Debug|Any CPU.Build.0 = Debug|Any CPU
		{0672EA23-8731-4ED1-BB31-7B308B5FC0A4}.Debug|ARM.ActiveCfg = Debug|Any CPU
		{0672EA23-8731-4ED1-BB31-7B308B5FC0A4}.Debug|ARM.Build.0 = Debug|Any CPU
		{0672EA23-8731-4ED1-BB31-7B308B5FC0A4}.Debug|ARM64.ActiveCfg = Debug|Any CPU
		{0672EA23-8731-4ED1-BB31-7B308B5FC0A4}.Debug|ARM64.Build.0 = Debug|Any CPU
		{0672EA23-8731-4ED1-BB31-7B308B5FC0A4}.Debug|x64.ActiveCfg = Debug|Any CPU
		{0672EA23-8731-4ED1-BB31-7B308B5FC0A4}.Debug|x64.Build.0 = Debug|Any CPU
		{0672EA23-8731-4ED1-BB31-7B308B5FC0A4}.Debug|x86.ActiveCfg = Debug|Any CPU
		{0672EA23-8731-4ED1-BB31-7B308B5FC0A4}.Debug|x86.Build.0 = Debug|Any CPU
		{0672EA23-8731-4ED1-BB31-7B308B5FC0A4}.Release|Any CPU.ActiveCfg = Release|Any CPU
		{0672EA23-8731-4ED1-BB31-7B308B5FC0A4}.Release|Any CPU.Build.0 = Release|Any CPU
		{0672EA23-8731-4ED1-BB31-7B308B5FC0A4}.Release|ARM.ActiveCfg = Release|Any CPU
		{0672EA23-8731-4ED1-BB31-7B308B5FC0A4}.Release|ARM.Build.0 = Release|Any CPU
		{0672EA23-8731-4ED1-BB31-7B308B5FC0A4}.Release|ARM64.ActiveCfg = Release|Any CPU
		{0672EA23-8731-4ED1-BB31-7B308B5FC0A4}.Release|ARM64.Build.0 = Release|Any CPU
		{0672EA23-8731-4ED1-BB31-7B308B5FC0A4}.Release|x64.ActiveCfg = Release|Any CPU
		{0672EA23-8731-4ED1-BB31-7B308B5FC0A4}.Release|x64.Build.0 = Release|Any CPU
		{0672EA23-8731-4ED1-BB31-7B308B5FC0A4}.Release|x86.ActiveCfg = Release|Any CPU
		{0672EA23-8731-4ED1-BB31-7B308B5FC0A4}.Release|x86.Build.0 = Release|Any CPU
		{9BA2F364-E147-4E0B-B64D-1DFF2A5992CA}.Debug|Any CPU.ActiveCfg = Debug|Any CPU
		{9BA2F364-E147-4E0B-B64D-1DFF2A5992CA}.Debug|Any CPU.Build.0 = Debug|Any CPU
		{9BA2F364-E147-4E0B-B64D-1DFF2A5992CA}.Debug|Any CPU.Deploy.0 = Debug|Any CPU
		{9BA2F364-E147-4E0B-B64D-1DFF2A5992CA}.Debug|ARM.ActiveCfg = Debug|ARM
		{9BA2F364-E147-4E0B-B64D-1DFF2A5992CA}.Debug|ARM.Build.0 = Debug|ARM
		{9BA2F364-E147-4E0B-B64D-1DFF2A5992CA}.Debug|ARM.Deploy.0 = Debug|ARM
		{9BA2F364-E147-4E0B-B64D-1DFF2A5992CA}.Debug|ARM64.ActiveCfg = Debug|ARM64
		{9BA2F364-E147-4E0B-B64D-1DFF2A5992CA}.Debug|ARM64.Build.0 = Debug|ARM64
		{9BA2F364-E147-4E0B-B64D-1DFF2A5992CA}.Debug|ARM64.Deploy.0 = Debug|ARM64
		{9BA2F364-E147-4E0B-B64D-1DFF2A5992CA}.Debug|x64.ActiveCfg = Debug|x64
		{9BA2F364-E147-4E0B-B64D-1DFF2A5992CA}.Debug|x64.Build.0 = Debug|x64
		{9BA2F364-E147-4E0B-B64D-1DFF2A5992CA}.Debug|x64.Deploy.0 = Debug|x64
		{9BA2F364-E147-4E0B-B64D-1DFF2A5992CA}.Debug|x86.ActiveCfg = Debug|x86
		{9BA2F364-E147-4E0B-B64D-1DFF2A5992CA}.Debug|x86.Build.0 = Debug|x86
		{9BA2F364-E147-4E0B-B64D-1DFF2A5992CA}.Debug|x86.Deploy.0 = Debug|x86
		{9BA2F364-E147-4E0B-B64D-1DFF2A5992CA}.Release|Any CPU.ActiveCfg = Release|Any CPU
		{9BA2F364-E147-4E0B-B64D-1DFF2A5992CA}.Release|Any CPU.Build.0 = Release|Any CPU
		{9BA2F364-E147-4E0B-B64D-1DFF2A5992CA}.Release|Any CPU.Deploy.0 = Release|Any CPU
		{9BA2F364-E147-4E0B-B64D-1DFF2A5992CA}.Release|ARM.ActiveCfg = Release|ARM
		{9BA2F364-E147-4E0B-B64D-1DFF2A5992CA}.Release|ARM.Build.0 = Release|ARM
		{9BA2F364-E147-4E0B-B64D-1DFF2A5992CA}.Release|ARM.Deploy.0 = Release|ARM
		{9BA2F364-E147-4E0B-B64D-1DFF2A5992CA}.Release|ARM64.ActiveCfg = Release|ARM64
		{9BA2F364-E147-4E0B-B64D-1DFF2A5992CA}.Release|ARM64.Build.0 = Release|ARM64
		{9BA2F364-E147-4E0B-B64D-1DFF2A5992CA}.Release|ARM64.Deploy.0 = Release|ARM64
		{9BA2F364-E147-4E0B-B64D-1DFF2A5992CA}.Release|x64.ActiveCfg = Release|x64
		{9BA2F364-E147-4E0B-B64D-1DFF2A5992CA}.Release|x64.Build.0 = Release|x64
		{9BA2F364-E147-4E0B-B64D-1DFF2A5992CA}.Release|x64.Deploy.0 = Release|x64
		{9BA2F364-E147-4E0B-B64D-1DFF2A5992CA}.Release|x86.ActiveCfg = Release|x86
		{9BA2F364-E147-4E0B-B64D-1DFF2A5992CA}.Release|x86.Build.0 = Release|x86
		{9BA2F364-E147-4E0B-B64D-1DFF2A5992CA}.Release|x86.Deploy.0 = Release|x86
	EndGlobalSection
	GlobalSection(SolutionProperties) = preSolution
		HideSolutionNode = FALSE
	EndGlobalSection
	GlobalSection(ExtensibilityGlobals) = postSolution
		SolutionGuid = {A982EACF-231C-4AD3-B55D-1234858C048B}
	EndGlobalSection
EndGlobal
